
Microsoft Visual Studio Solution File, Format Version 12.00
# Visual Studio Version 17
VisualStudioVersion = 17.9.34622.214
MinimumVisualStudioVersion = 10.0.40219.1
Project("{FAE04EC0-301F-11D3-BF4B-00C04F79EFBC}") = "Tic Tac Toe", "Tic Tac Toe\Tic Tac Toe.csproj", "{683EB2DF-52E7-46C1-AEDE-A55265A83066}"
EndProject
Global
	GlobalSection(SolutionConfigurationPlatforms) = preSolution
		Debug|Any CPU = Debug|Any CPU
		Release|Any CPU = Release|Any CPU
	EndGlobalSection
	GlobalSection(ProjectConfigurationPlatforms) = postSolution
		{683EB2DF-52E7-46C1-AEDE-A55265A83066}.Debug|Any CPU.ActiveCfg = Debug|Any CPU
		{683EB2DF-52E7-46C1-AEDE-A55265A83066}.Debug|Any CPU.Build.0 = Debug|Any CPU
		{683EB2DF-52E7-46C1-AEDE-A55265A83066}.Release|Any CPU.ActiveCfg = Release|Any CPU
		{683EB2DF-52E7-46C1-AEDE-A55265A83066}.Release|Any CPU.Build.0 = Release|Any CPU
	EndGlobalSection
	GlobalSection(SolutionProperties) = preSolution
		HideSolutionNode = FALSE
	EndGlobalSection
	GlobalSection(ExtensibilityGlobals) = postSolution
		SolutionGuid = {376D6954-F66D-4AA9-91B8-9817CB554E06}
	EndGlobalSection
EndGlobal
